
Microsoft Visual Studio Solution File, Format Version 12.00
# Visual Studio Version 16
VisualStudioVersion = 16.0.37206.5
MinimumVisualStudioVersion = 10.0.40219.1
Project("{FAE04EC0-301F-11D3-BF4B-00C04F79EFBC}") = "Twolayer_Application", "Twolayer_Application\Twolayer_Application.csproj", "{092C7BDE-6189-4C8C-89A6-6C3A0839BF63}"
EndProject
Global
	GlobalSection(SolutionConfigurationPlatforms) = preSolution
		Debug|Any CPU = Debug|Any CPU
		Release|Any CPU = Release|Any CPU
	EndGlobalSection
	GlobalSection(ProjectConfigurationPlatforms) = postSolution
		{092C7BDE-6189-4C8C-89A6-6C3A0839BF63}.Debug|Any CPU.ActiveCfg = Debug|Any CPU
		{092C7BDE-6189-4C8C-89A6-6C3A0839BF63}.Debug|Any CPU.Build.0 = Debug|Any CPU
		{092C7BDE-6189-4C8C-89A6-6C3A0839BF63}.Release|Any CPU.ActiveCfg = Release|Any CPU
		{092C7BDE-6189-4C8C-89A6-6C3A0839BF63}.Release|Any CPU.Build.0 = Release|Any CPU
	EndGlobalSection
	GlobalSection(SolutionProperties) = preSolution
		HideSolutionNode = FALSE
	EndGlobalSection
	GlobalSection(ExtensibilityGlobals) = postSolution
		SolutionGuid = {6762F3EE-A25C-44EA-BB89-88FFBCECF8CE}
	EndGlobalSection
EndGlobal
